
Microsoft Visual Studio Solution File, Format Version 12.00
# Visual Studio Version 17
VisualStudioVersion = 17.4.33122.133
MinimumVisualStudioVersion = 10.0.40219.1
Project("{FAE04EC0-301F-11D3-BF4B-00C04F79EFBC}") = "Shortly.Client", "Shortly.Client\Shortly.Client.csproj", "{F64AA054-79C1-4E20-9673-00A8072A0DA2}"
EndProject
Project("{FAE04EC0-301F-11D3-BF4B-00C04F79EFBC}") = "Shortly.Redirect", "Shortly.Redirect\Shortly.Redirect.csproj", "{E3FE667C-62ED-4A4D-ACC1-AC787F3F56AD}"
EndProject
Project("{FAE04EC0-301F-11D3-BF4B-00C04F79EFBC}") = "Shortly.Data", "Shortly.Data\Shortly.Data.csproj", "{765EF5EE-7DA5-4708-B55A-59EC4752BF05}"
EndProject
Global
	GlobalSection(SolutionConfigurationPlatforms) = preSolution
		Debug|Any CPU = Debug|Any CPU
		Release|Any CPU = Release|Any CPU
	EndGlobalSection
	GlobalSection(ProjectConfigurationPlatforms) = postSolution
		{F64AA054-79C1-4E20-9673-00A8072A0DA2}.Debug|Any CPU.ActiveCfg = Debug|Any CPU
		{F64AA054-79C1-4E20-9673-00A8072A0DA2}.Debug|Any CPU.Build.0 = Debug|Any CPU
		{F64AA054-79C1-4E20-9673-00A8072A0DA2}.Release|Any CPU.ActiveCfg = Release|Any CPU
		{F64AA054-79C1-4E20-9673-00A8072A0DA2}.Release|Any CPU.Build.0 = Release|Any CPU
		{E3FE667C-62ED-4A4D-ACC1-AC787F3F56AD}.Debug|Any CPU.ActiveCfg = Debug|Any CPU
		{E3FE667C-62ED-4A4D-ACC1-AC787F3F56AD}.Debug|Any CPU.Build.0 = Debug|Any CPU
		{E3FE667C-62ED-4A4D-ACC1-AC787F3F56AD}.Release|Any CPU.ActiveCfg = Release|Any CPU
		{E3FE667C-62ED-4A4D-ACC1-AC787F3F56AD}.Release|Any CPU.Build.0 = Release|Any CPU
		{765EF5EE-7DA5-4708-B55A-59EC4752BF05}.Debug|Any CPU.ActiveCfg = Debug|Any CPU
		{765EF5EE-7DA5-4708-B55A-59EC4752BF05}.Debug|Any CPU.Build.0 = Debug|Any CPU
		{765EF5EE-7DA5-4708-B55A-59EC4752BF05}.Release|Any CPU.ActiveCfg = Release|Any CPU
		{765EF5EE-7DA5-4708-B55A-59EC4752BF05}.Release|Any CPU.Build.0 = Release|Any CPU
	EndGlobalSection
	GlobalSection(SolutionProperties) = preSolution
		HideSolutionNode = FALSE
	EndGlobalSection
	GlobalSection(ExtensibilityGlobals) = postSolution
		SolutionGuid = {FF074854-D2DF-4E3A-BB54-2F4C31610DD7}
	EndGlobalSection
EndGlobal
